// !$*UTF8*$!
{
	archiveVersion = 1;
	classes = {
	};
	objectVersion = 50;
	objects = {

/* Begin PBXBuildFile section */
		8FA51672211FDA3D00D68AEE /* AppDelegate.swift in Sources */ = {isa = PBXBuildFile; fileRef = 8FA51671211FDA3D00D68AEE /* AppDelegate.swift */; };
		8FA51674211FDA3D00D68AEE /* ViewController.swift in Sources */ = {isa = PBXBuildFile; fileRef = 8FA51673211FDA3D00D68AEE /* ViewController.swift */; };
		8FA51677211FDA3D00D68AEE /* Main.storyboard in Resources */ = {isa = PBXBuildFile; fileRef = 8FA51675211FDA3D00D68AEE /* Main.storyboard */; };
		8FA51679211FDA5500D68AEE /* Assets.xcassets in Resources */ = {isa = PBXBuildFile; fileRef = 8FA51678211FDA5500D68AEE /* Assets.xcassets */; };
		8FA5167C211FDA5500D68AEE /* LaunchScreen.storyboard in Resources */ = {isa = PBXBuildFile; fileRef = 8FA5167A211FDA5500D68AEE /* LaunchScreen.storyboard */; };
		8FA51687211FDA5600D68AEE /* pruebbaGitTests.swift in Sources */ = {isa = PBXBuildFile; fileRef = 8FA51686211FDA5600D68AEE /* pruebbaGitTests.swift */; };
		8FA51692211FDA5600D68AEE /* pruebbaGitUITests.swift in Sources */ = {isa = PBXBuildFile; fileRef = 8FA51691211FDA5600D68AEE /* pruebbaGitUITests.swift */; };
/* End PBXBuildFile section */

/* Begin PBXContainerItemProxy section */
		8FA51683211FDA5600D68AEE /* PBXContainerItemProxy */ = {
			isa = PBXContainerItemProxy;
			containerPortal = 8FA51666211FDA3C00D68AEE /* Project object */;
			proxyType = 1;
			remoteGlobalIDString = 8FA5166D211FDA3C00D68AEE;
			remoteInfo = pruebbaGit;
		};
		8FA5168E211FDA5600D68AEE /* PBXContainerItemProxy */ = {
			isa = PBXContainerItemProxy;
			containerPortal = 8FA51666211FDA3C00D68AEE /* Project object */;
			proxyType = 1;
			remoteGlobalIDString = 8FA5166D211FDA3C00D68AEE;
			remoteInfo = pruebbaGit;
		};
/* End PBXContainerItemProxy section */

/* Begin PBXFileReference section */
		8FA5166E211FDA3D00D68AEE /* pruebbaGit.app */ = {isa = PBXFileReference; explicitFileType = wrapper.application; includeInIndex = 0; path = pruebbaGit.app; sourceTree = BUILT_PRODUCTS_DIR; };
		8FA51671211FDA3D00D68AEE /* AppDelegate.swift */ = {isa = PBXFileReference; lastKnownFileType = sourcecode.swift; path = AppDelegate.swift; sourceTree = "<group>"; };
		8FA51673211FDA3D00D68AEE /* ViewController.swift */ = {isa = PBXFileReference; lastKnownFileType = sourcecode.swift; path = ViewController.swift; sourceTree = "<group>"; };
		8FA51676211FDA3D00D68AEE /* Base */ = {isa = PBXFileReference; lastKnownFileType = file.storyboard; name = Base; path = Base.lproj/Main.storyboard; sourceTree = "<group>"; };
		8FA51678211FDA5500D68AEE /* Assets.xcassets */ = {isa = PBXFileReference; lastKnownFileType = folder.assetcatalog; path = Assets.xcassets; sourceTree = "<group>"; };
		8FA5167B211FDA5500D68AEE /* Base */ = {isa = PBXFileReference; lastKnownFileType = file.storyboard; name = Base; path = Base.lproj/LaunchScreen.storyboard; sourceTree = "<group>"; };
		8FA5167D211FDA5500D68AEE /* Info.plist */ = {isa = PBXFileReference; lastKnownFileType = text.plist.xml; path = Info.plist; sourceTree = "<group>"; };
		8FA51682211FDA5600D68AEE /* pruebbaGitTests.xctest */ = {isa = PBXFileReference; explicitFileType = wrapper.cfbundle; includeInIndex = 0; path = pruebbaGitTests.xctest; sourceTree = BUILT_PRODUCTS_DIR; };
		8FA51686211FDA5600D68AEE /* pruebbaGitTests.swift */ = {isa = PBXFileReference; lastKnownFileType = sourcecode.swift; path = pruebbaGitTests.swift; sourceTree = "<group>"; };
		8FA51688211FDA5600D68AEE /* Info.plist */ = {isa = PBXFileReference; lastKnownFileType = text.plist.xml; path = Info.plist; sourceTree = "<group>"; };
		8FA5168D211FDA5600D68AEE /* pruebbaGitUITests.xctest */ = {isa = PBXFileReference; explicitFileType = wrapper.cfbundle; includeInIndex = 0; path = pruebbaGitUITests.xctest; sourceTree = BUILT_PRODUCTS_DIR; };
		8FA51691211FDA5600D68AEE /* pruebbaGitUITests.swift */ = {isa = PBXFileReference; lastKnownFileType = sourcecode.swift; path = pruebbaGitUITests.swift; sourceTree = "<group>"; };
		8FA51693211FDA5600D68AEE /* Info.plist */ = {isa = PBXFileReference; lastKnownFileType = text.plist.xml; path = Info.plist; sourceTree = "<group>"; };
/* End PBXFileReference section */

/* Begin PBXFrameworksBuildPhase section */
		8FA5166B211FDA3C00D68AEE /* Frameworks */ = {
			isa = PBXFrameworksBuildPhase;
			buildActionMask = 2147483647;
			files = (
			);
			runOnlyForDeploymentPostprocessing = 0;
		};
		8FA5167F211FDA5600D68AEE /* Frameworks */ = {
			isa = PBXFrameworksBuildPhase;
			buildActionMask = 2147483647;
			files = (
			);
			runOnlyForDeploymentPostprocessing = 0;
		};
		8FA5168A211FDA5600D68AEE /* Frameworks */ = {
			isa = PBXFrameworksBuildPhase;
			buildActionMask = 2147483647;
			files = (
			);
			runOnlyForDeploymentPostprocessing = 0;
		};
/* End PBXFrameworksBuildPhase section */

/* Begin PBXGroup section */
		8FA51665211FDA3C00D68AEE = {
			isa = PBXGroup;
			children = (
				8FA51670211FDA3D00D68AEE /* pruebbaGit */,
				8FA51685211FDA5600D68AEE /* pruebbaGitTests */,
				8FA51690211FDA5600D68AEE /* pruebbaGitUITests */,
				8FA5166F211FDA3D00D68AEE /* Products */,
			);
			sourceTree = "<group>";
		};
		8FA5166F211FDA3D00D68AEE /* Products */ = {
			isa = PBXGroup;
			children = (
				8FA5166E211FDA3D00D68AEE /* pruebbaGit.app */,
				8FA51682211FDA5600D68AEE /* pruebbaGitTests.xctest */,
				8FA5168D211FDA5600D68AEE /* pruebbaGitUITests.xctest */,
			);
			name = Products;
			sourceTree = "<group>";
		};
		8FA51670211FDA3D00D68AEE /* pruebbaGit */ = {
			isa = PBXGroup;
			children = (
				8FA51671211FDA3D00D68AEE /* AppDelegate.swift */,
				8FA51673211FDA3D00D68AEE /* ViewController.swift */,
				8FA51675211FDA3D00D68AEE /* Main.storyboard */,
				8FA51678211FDA5500D68AEE /* Assets.xcassets */,
				8FA5167A211FDA5500D68AEE /* LaunchScreen.storyboard */,
				8FA5167D211FDA5500D68AEE /* Info.plist */,
			);
			path = pruebbaGit;
			sourceTree = "<group>";
		};
		8FA51685211FDA5600D68AEE /* pruebbaGitTests */ = {
			isa = PBXGroup;
			children = (
				8FA51686211FDA5600D68AEE /* pruebbaGitTests.swift */,
				8FA51688211FDA5600D68AEE /* Info.plist */,
			);
			path = pruebbaGitTests;
			sourceTree = "<group>";
		};
		8FA51690211FDA5600D68AEE /* pruebbaGitUITests */ = {
			isa = PBXGroup;
			children = (
				8FA51691211FDA5600D68AEE /* pruebbaGitUITests.swift */,
				8FA51693211FDA5600D68AEE /* Info.plist */,
			);
			path = pruebbaGitUITests;
			sourceTree = "<group>";
		};
/* End PBXGroup section */

/* Begin PBXNativeTarget section */
		8FA5166D211FDA3C00D68AEE /* pruebbaGit */ = {
			isa = PBXNativeTarget;
			buildConfigurationList = 8FA51696211FDA5600D68AEE /* Build configuration list for PBXNativeTarget "pruebbaGit" */;
			buildPhases = (
				8FA5166A211FDA3C00D68AEE /* Sources */,
				8FA5166B211FDA3C00D68AEE /* Frameworks */,
				8FA5166C211FDA3C00D68AEE /* Resources */,
			);
			buildRules = (
			);
			dependencies = (
			);
			name = pruebbaGit;
			productName = pruebbaGit;
			productReference = 8FA5166E211FDA3D00D68AEE /* pruebbaGit.app */;
			productType = "com.apple.product-type.application";
		};
		8FA51681211FDA5600D68AEE /* pruebbaGitTests */ = {
			isa = PBXNativeTarget;
			buildConfigurationList = 8FA51699211FDA5600D68AEE /* Build configuration list for PBXNativeTarget "pruebbaGitTests" */;
			buildPhases = (
				8FA5167E211FDA5600D68AEE /* Sources */,
				8FA5167F211FDA5600D68AEE /* Frameworks */,
				8FA51680211FDA5600D68AEE /* Resources */,
			);
			buildRules = (
			);
			dependencies = (
				8FA51684211FDA5600D68AEE /* PBXTargetDependency */,
			);
			name = pruebbaGitTests;
			productName = pruebbaGitTests;
			productReference = 8FA51682211FDA5600D68AEE /* pruebbaGitTests.xctest */;
			productType = "com.apple.product-type.bundle.unit-test";
		};
		8FA5168C211FDA5600D68AEE /* pruebbaGitUITests */ = {
			isa = PBXNativeTarget;
			buildConfigurationList = 8FA5169C211FDA5600D68AEE /* Build configuration list for PBXNativeTarget "pruebbaGitUITests" */;
			buildPhases = (
				8FA51689211FDA5600D68AEE /* Sources */,
				8FA5168A211FDA5600D68AEE /* Frameworks */,
				8FA5168B211FDA5600D68AEE /* Resources */,
			);
			buildRules = (
			);
			dependencies = (
				8FA5168F211FDA5600D68AEE /* PBXTargetDependency */,
			);
			name = pruebbaGitUITests;
			productName = pruebbaGitUITests;
			productReference = 8FA5168D211FDA5600D68AEE /* pruebbaGitUITests.xctest */;
			productType = "com.apple.product-type.bundle.ui-testing";
		};
/* End PBXNativeTarget section */

/* Begin PBXProject section */
		8FA51666211FDA3C00D68AEE /* Project object */ = {
			isa = PBXProject;
			attributes = {
				LastSwiftUpdateCheck = 1000;
				LastUpgradeCheck = 1000;
				ORGANIZATIONNAME = "Carlos Rodriguez Tenorio";
				TargetAttributes = {
					8FA5166D211FDA3C00D68AEE = {
						CreatedOnToolsVersion = 10.0;
					};
					8FA51681211FDA5600D68AEE = {
						CreatedOnToolsVersion = 10.0;
						TestTargetID = 8FA5166D211FDA3C00D68AEE;
					};
					8FA5168C211FDA5600D68AEE = {
						CreatedOnToolsVersion = 10.0;
						TestTargetID = 8FA5166D211FDA3C00D68AEE;
					};
				};
			};
			buildConfigurationList = 8FA51669211FDA3C00D68AEE /* Build configuration list for PBXProject "pruebbaGit" */;
			compatibilityVersion = "Xcode 9.3";
			developmentRegion = en;
			hasScannedForEncodings = 0;
			knownRegions = (
				en,
				Base,
			);
			mainGroup = 8FA51665211FDA3C00D68AEE;
			productRefGroup = 8FA5166F211FDA3D00D68AEE /* Products */;
			projectDirPath = "";
			projectRoot = "";
			targets = (
				8FA5166D211FDA3C00D68AEE /* pruebbaGit */,
				8FA51681211FDA5600D68AEE /* pruebbaGitTests */,
				8FA5168C211FDA5600D68AEE /* pruebbaGitUITests */,
			);
		};
/* End PBXProject section */

/* Begin PBXResourcesBuildPhase section */
		8FA5166C211FDA3C00D68AEE /* Resources */ = {
			isa = PBXResourcesBuildPhase;
			buildActionMask = 2147483647;
			files = (
				8FA5167C211FDA5500D68AEE /* LaunchScreen.storyboard in Resources */,
				8FA51679211FDA5500D68AEE /* Assets.xcassets in Resources */,
				8FA51677211FDA3D00D68AEE /* Main.storyboard in Resources */,
			);
			runOnlyForDeploymentPostprocessing = 0;
		};
		8FA51680211FDA5600D68AEE /* Resources */ = {
			isa = PBXResourcesBuildPhase;
			buildActionMask = 2147483647;
			files = (
			);
			runOnlyForDeploymentPostprocessing = 0;
		};
		8FA5168B211FDA5600D68AEE /* Resources */ = {
			isa = PBXResourcesBuildPhase;
			buildActionMask = 2147483647;
			files = (
			);
			runOnlyForDeploymentPostprocessing = 0;
		};
/* End PBXResourcesBuildPhase section */

/* Begin PBXSourcesBuildPhase section */
		8FA5166A211FDA3C00D68AEE /* Sources */ = {
			isa = PBXSourcesBuildPhase;
			buildActionMask = 2147483647;
			files = (
				8FA51674211FDA3D00D68AEE /* ViewController.swift in Sources */,
				8FA51672211FDA3D00D68AEE /* AppDelegate.swift in Sources */,
			);
			runOnlyForDeploymentPostprocessing = 0;
		};
		8FA5167E211FDA5600D68AEE /* Sources */ = {
			isa = PBXSourcesBuildPhase;
			buildActionMask = 2147483647;
			files = (
				8FA51687211FDA5600D68AEE /* pruebbaGitTests.swift in Sources */,
			);
			runOnlyForDeploymentPostprocessing = 0;
		};
		8FA51689211FDA5600D68AEE /* Sources */ = {
			isa = PBXSourcesBuildPhase;
			buildActionMask = 2147483647;
			files = (
				8FA51692211FDA5600D68AEE /* pruebbaGitUITests.swift in Sources */,
			);
			runOnlyForDeploymentPostprocessing = 0;
		};
/* End PBXSourcesBuildPhase section */

/* Begin PBXTargetDependency section */
		8FA51684211FDA5600D68AEE /* PBXTargetDependency */ = {
			isa = PBXTargetDependency;
			target = 8FA5166D211FDA3C00D68AEE /* pruebbaGit */;
			targetProxy = 8FA51683211FDA5600D68AEE /* PBXContainerItemProxy */;
		};
		8FA5168F211FDA5600D68AEE /* PBXTargetDependency */ = {
			isa = PBXTargetDependency;
			target = 8FA5166D211FDA3C00D68AEE /* pruebbaGit */;
			targetProxy = 8FA5168E211FDA5600D68AEE /* PBXContainerItemProxy */;
		};
/* End PBXTargetDependency section */

/* Begin PBXVariantGroup section */
		8FA51675211FDA3D00D68AEE /* Main.storyboard */ = {
			isa = PBXVariantGroup;
			children = (
				8FA51676211FDA3D00D68AEE /* Base */,
			);
			name = Main.storyboard;
			sourceTree = "<group>";
		};
		8FA5167A211FDA5500D68AEE /* LaunchScreen.storyboard */ = {
			isa = PBXVariantGroup;
			children = (
				8FA5167B211FDA5500D68AEE /* Base */,
			);
			name = LaunchScreen.storyboard;
			sourceTree = "<group>";
		};
/* End PBXVariantGroup section */

/* Begin XCBuildConfiguration section */
		8FA51694211FDA5600D68AEE /* Debug */ = {
			isa = XCBuildConfiguration;
			buildSettings = {
				ALWAYS_SEARCH_USER_PATHS = NO;
				CLANG_ANALYZER_NONNULL = YES;
				CLANG_ANALYZER_NUMBER_OBJECT_CONVERSION = YES_AGGRESSIVE;
				CLANG_CXX_LANGUAGE_STANDARD = "gnu++14";
				CLANG_CXX_LIBRARY = "libc++";
				CLANG_ENABLE_MODULES = YES;
				CLANG_ENABLE_OBJC_ARC = YES;
				CLANG_ENABLE_OBJC_WEAK = YES;
				CLANG_WARN_BLOCK_CAPTURE_AUTORELEASING = YES;
				CLANG_WARN_BOOL_CONVERSION = YES;
				CLANG_WARN_COMMA = YES;
				CLANG_WARN_CONSTANT_CONVERSION = YES;
				CLANG_WARN_DEPRECATED_OBJC_IMPLEMENTATIONS = YES;
				CLANG_WARN_DIRECT_OBJC_ISA_USAGE = YES_ERROR;
				CLANG_WARN_DOCUMENTATION_COMMENTS = YES;
				CLANG_WARN_EMPTY_BODY = YES;
				CLANG_WARN_ENUM_CONVERSION = YES;
				CLANG_WARN_INFINITE_RECURSION = YES;
				CLANG_WARN_INT_CONVERSION = YES;
				CLANG_WARN_NON_LITERAL_NULL_CONVERSION = YES;
				CLANG_WARN_OBJC_IMPLICIT_RETAIN_SELF = YES;
				CLANG_WARN_OBJC_LITERAL_CONVERSION = YES;
				CLANG_WARN_OBJC_ROOT_CLASS = YES_ERROR;
				CLANG_WARN_RANGE_LOOP_ANALYSIS = YES;
				CLANG_WARN_STRICT_PROTOTYPES = YES;
				CLANG_WARN_SUSPICIOUS_MOVE = YES;
				CLANG_WARN_UNGUARDED_AVAILABILITY = YES_AGGRESSIVE;
				CLANG_WARN_UNREACHABLE_CODE = YES;
				CLANG_WARN__DUPLICATE_METHOD_MATCH = YES;
				CODE_SIGN_IDENTITY = "iPhone Developer";
				COPY_PHASE_STRIP = NO;
				DEBUG_INFORMATION_FORMAT = dwarf;
				ENABLE_STRICT_OBJC_MSGSEND = YES;
				ENABLE_TESTABILITY = YES;
				GCC_C_LANGUAGE_STANDARD = gnu11;
				GCC_DYNAMIC_NO_PIC = NO;
				GCC_NO_COMMON_BLOCKS = YES;
				GCC_OPTIMIZATION_LEVEL = 0;
				GCC_PREPROCESSOR_DEFINITIONS = (
					"DEBUG=1",
					"$(inherited)",
				);
				GCC_WARN_64_TO_32_BIT_CONVERSION = YES;
				GCC_WARN_ABOUT_RETURN_TYPE = YES_ERROR;
				GCC_WARN_UNDECLARED_SELECTOR = YES;
				GCC_WARN_UNINITIALIZED_AUTOS = YES_AGGRESSIVE;
				GCC_WARN_UNUSED_FUNCTION = YES;
				GCC_WARN_UNUSED_VARIABLE = YES;
				IPHONEOS_DEPLOYMENT_TARGET = 12.0;
				MTL_ENABLE_DEBUG_INFO = INCLUDE_SOURCE;
				MTL_FAST_MATH = YES;
				ONLY_ACTIVE_ARCH = YES;
				SDKROOT = iphoneos;
				SWIFT_ACTIVE_COMPILATION_CONDITIONS = DEBUG;
				SWIFT_OPTIMIZATION_LEVEL = "-Onone";
			};
			name = Debug;
		};
		8FA51695211FDA5600D68AEE /* Release */ = {
			isa = XCBuildConfiguration;
			buildSettings = {
				ALWAYS_SEARCH_USER_PATHS = NO;
				CLANG_ANALYZER_NONNULL = YES;
				CLANG_ANALYZER_NUMBER_OBJECT_CONVERSION = YES_AGGRESSIVE;
				CLANG_CXX_LANGUAGE_STANDARD = "gnu++14";
				CLANG_CXX_LIBRARY = "libc++";
				CLANG_ENABLE_MODULES = YES;
				CLANG_ENABLE_OBJC_ARC = YES;
				CLANG_ENABLE_OBJC_WEAK = YES;
				CLANG_WARN_BLOCK_CAPTURE_AUTORELEASING = YES;
				CLANG_WARN_BOOL_CONVERSION = YES;
				CLANG_WARN_COMMA = YES;
				CLANG_WARN_CONSTANT_CONVERSION = YES;
				CLANG_WARN_DEPRECATED_OBJC_IMPLEMENTATIONS = YES;
				CLANG_WARN_DIRECT_OBJC_ISA_USAGE = YES_ERROR;
				CLANG_WARN_DOCUMENTATION_COMMENTS = YES;
				CLANG_WARN_EMPTY_BODY = YES;
				CLANG_WARN_ENUM_CONVERSION = YES;
				CLANG_WARN_INFINITE_RECURSION = YES;
				CLANG_WARN_INT_CONVERSION = YES;
				CLANG_WARN_NON_LITERAL_NULL_CONVERSION = YES;
				CLANG_WARN_OBJC_IMPLICIT_RETAIN_SELF = YES;
				CLANG_WARN_OBJC_LITERAL_CONVERSION = YES;
				CLANG_WARN_OBJC_ROOT_CLASS = YES_ERROR;
				CLANG_WARN_RANGE_LOOP_ANALYSIS = YES;
				CLANG_WARN_STRICT_PROTOTYPES = YES;
				CLANG_WARN_SUSPICIOUS_MOVE = YES;
				CLANG_WARN_UNGUARDED_AVAILABILITY = YES_AGGRESSIVE;
				CLANG_WARN_UNREACHABLE_CODE = YES;
				CLANG_WARN__DUPLICATE_METHOD_MATCH = YES;
				CODE_SIGN_IDENTITY = "iPhone Developer";
				COPY_PHASE_STRIP = NO;
				DEBUG_INFORMATION_FORMAT = "dwarf-with-dsym";
				ENABLE_NS_ASSERTIONS = NO;
				ENABLE_STRICT_OBJC_MSGSEND = YES;
				GCC_C_LANGUAGE_STANDARD = gnu11;
				GCC_NO_COMMON_BLOCKS = YES;
				GCC_WARN_64_TO_32_BIT_CONVERSION = YES;
				GCC_WARN_ABOUT_RETURN_TYPE = YES_ERROR;
				GCC_WARN_UNDECLARED_SELECTOR = YES;
				GCC_WARN_UNINITIALIZED_AUTOS = YES_AGGRESSIVE;
				GCC_WARN_UNUSED_FUNCTION = YES;
				GCC_WARN_UNUSED_VARIABLE = YES;
				IPHONEOS_DEPLOYMENT_TARGET = 12.0;
				MTL_ENABLE_DEBUG_INFO = NO;
				MTL_FAST_MATH = YES;
				SDKROOT = iphoneos;
				SWIFT_COMPILATION_MODE = wholemodule;
				SWIFT_OPTIMIZATION_LEVEL = "-O";
				VALIDATE_PRODUCT = YES;
			};
			name = Release;
		};
		8FA51697211FDA5600D68AEE /* Debug */ = {
			isa = XCBuildConfiguration;
			buildSettings = {
				ASSETCATALOG_COMPILER_APPICON_NAME = AppIcon;
				CODE_SIGN_STYLE = Automatic;
				DEVELOPMENT_TEAM = 3KQ647QR85;
				INFOPLIST_FILE = pruebbaGit/Info.plist;
				LD_RUNPATH_SEARCH_PATHS = (
					"$(inherited)",
					"@executable_path/Frameworks",
				);
				PRODUCT_BUNDLE_IDENTIFIER = jocarote.pruebbaGit;
				PRODUCT_NAME = "$(TARGET_NAME)";
				SWIFT_VERSION = 4.2;
				TARGETED_DEVICE_FAMILY = "1,2";
			};
			name = Debug;
		};
		8FA51698211FDA5600D68AEE /* Release */ = {
			isa = XCBuildConfiguration;
			buildSettings = {
				ASSETCATALOG_COMPILER_APPICON_NAME = AppIcon;
				CODE_SIGN_STYLE = Automatic;
				DEVELOPMENT_TEAM = 3KQ647QR85;
				INFOPLIST_FILE = pruebbaGit/Info.plist;
				LD_RUNPATH_SEARCH_PATHS = (
					"$(inherited)",
					"@executable_path/Frameworks",
				);
				PRODUCT_BUNDLE_IDENTIFIER = jocarote.pruebbaGit;
				PRODUCT_NAME = "$(TARGET_NAME)";
				SWIFT_VERSION = 4.2;
				TARGETED_DEVICE_FAMILY = "1,2";
			};
			name = Release;
		};
		8FA5169A211FDA5600D68AEE /* Debug */ = {
			isa = XCBuildConfiguration;
			buildSettings = {
				ALWAYS_EMBED_SWIFT_STANDARD_LIBRARIES = YES;
				BUNDLE_LOADER = "$(TEST_HOST)";
				CODE_SIGN_STYLE = Automatic;
				DEVELOPMENT_TEAM = 3KQ647QR85;
				INFOPLIST_FILE = pruebbaGitTests/Info.plist;
				LD_RUNPATH_SEARCH_PATHS = (
					"$(inherited)",
					"@executable_path/Frameworks",
					"@loader_path/Frameworks",
				);
				PRODUCT_BUNDLE_IDENTIFIER = jocarote.pruebbaGitTests;
				PRODUCT_NAME = "$(TARGET_NAME)";
				SWIFT_VERSION = 4.2;
				TARGETED_DEVICE_FAMILY = "1,2";
				TEST_HOST = "$(BUILT_PRODUCTS_DIR)/pruebbaGit.app/pruebbaGit";
			};
			name = Debug;
		};
		8FA5169B211FDA5600D68AEE /* Release */ = {
			isa = XCBuildConfiguration;
			buildSettings = {
				ALWAYS_EMBED_SWIFT_STANDARD_LIBRARIES = YES;
				BUNDLE_LOADER = "$(TEST_HOST)";
				CODE_SIGN_STYLE = Automatic;
				DEVELOPMENT_TEAM = 3KQ647QR85;
				INFOPLIST_FILE = pruebbaGitTests/Info.plist;
				LD_RUNPATH_SEARCH_PATHS = (
					"$(inherited)",
					"@executable_path/Frameworks",
					"@loader_path/Frameworks",
				);
				PRODUCT_BUNDLE_IDENTIFIER = jocarote.pruebbaGitTests;
				PRODUCT_NAME = "$(TARGET_NAME)";
				SWIFT_VERSION = 4.2;
				TARGETED_DEVICE_FAMILY = "1,2";
				TEST_HOST = "$(BUILT_PRODUCTS_DIR)/pruebbaGit.app/pruebbaGit";
			};
			name = Release;
		};
		8FA5169D211FDA5600D68AEE /* Debug */ = {
			isa = XCBuildConfiguration;
			buildSettings = {
				ALWAYS_EMBED_SWIFT_STANDARD_LIBRARIES = YES;
				CODE_SIGN_STYLE = Automatic;
				DEVELOPMENT_TEAM = 3KQ647QR85;
				INFOPLIST_FILE = pruebbaGitUITests/Info.plist;
				LD_RUNPATH_SEARCH_PATHS = (
					"$(inherited)",
					"@executable_path/Frameworks",
					"@loader_path/Frameworks",
				);
				PRODUCT_BUNDLE_IDENTIFIER = jocarote.pruebbaGitUITests;
				PRODUCT_NAME = "$(TARGET_NAME)";
				SWIFT_VERSION = 4.2;
				TARGETED_DEVICE_FAMILY = "1,2";
				TEST_TARGET_NAME = pruebbaGit;
			};
			name = Debug;
		};
		8FA5169E211FDA5600D68AEE /* Release */ = {
			isa = XCBuildConfiguration;
			buildSettings = {
				ALWAYS_EMBED_SWIFT_STANDARD_LIBRARIES = YES;
				CODE_SIGN_STYLE = Automatic;
				DEVELOPMENT_TEAM = 3KQ647QR85;
				INFOPLIST_FILE = pruebbaGitUITests/Info.plist;
				LD_RUNPATH_SEARCH_PATHS = (
					"$(inherited)",
					"@executable_path/Frameworks",
					"@loader_path/Frameworks",
				);
				PRODUCT_BUNDLE_IDENTIFIER = jocarote.pruebbaGitUITests;
				PRODUCT_NAME = "$(TARGET_NAME)";
				SWIFT_VERSION = 4.2;
				TARGETED_DEVICE_FAMILY = "1,2";
				TEST_TARGET_NAME = pruebbaGit;
			};
			name = Release;
		};
/* End XCBuildConfiguration section */

/* Begin XCConfigurationList section */
		8FA51669211FDA3C00D68AEE /* Build configuration list for PBXProject "pruebbaGit" */ = {
			isa = XCConfigurationList;
			buildConfigurations = (
				8FA51694211FDA5600D68AEE /* Debug */,
				8FA51695211FDA5600D68AEE /* Release */,
			);
			defaultConfigurationIsVisible = 0;
			defaultConfigurationName = Release;
		};
		8FA51696211FDA5600D68AEE /* Build configuration list for PBXNativeTarget "pruebbaGit" */ = {
			isa = XCConfigurationList;
			buildConfigurations = (
				8FA51697211FDA5600D68AEE /* Debug */,
				8FA51698211FDA5600D68AEE /* Release */,
			);
			defaultConfigurationIsVisible = 0;
			defaultConfigurationName = Release;
		};
		8FA51699211FDA5600D68AEE /* Build configuration list for PBXNativeTarget "pruebbaGitTests" */ = {
			isa = XCConfigurationList;
			buildConfigurations = (
				8FA5169A211FDA5600D68AEE /* Debug */,
				8FA5169B211FDA5600D68AEE /* Release */,
			);
			defaultConfigurationIsVisible = 0;
			defaultConfigurationName = Release;
		};
		8FA5169C211FDA5600D68AEE /* Build configuration list for PBXNativeTarget "pruebbaGitUITests" */ = {
			isa = XCConfigurationList;
			buildConfigurations = (
				8FA5169D211FDA5600D68AEE /* Debug */,
				8FA5169E211FDA5600D68AEE /* Release */,
			);
			defaultConfigurationIsVisible = 0;
			defaultConfigurationName = Release;
		};
/* End XCConfigurationList section */
	};
	rootObject = 8FA51666211FDA3C00D68AEE /* Project object */;
}
